
Microsoft Visual Studio Solution File, Format Version 12.00
# Visual Studio Version 16
VisualStudioVersion = 16.0.31112.23
MinimumVisualStudioVersion = 10.0.40219.1
Project("{FAE04EC0-301F-11D3-BF4B-00C04F79EFBC}") = "ExoCounter", "ExoCounter\ExoCounter.csproj", "{04563E7A-D26C-43A0-9647-9213C463A80C}"
EndProject
Global
	GlobalSection(SolutionConfigurationPlatforms) = preSolution
		Debug|Any CPU = Debug|Any CPU
		Release|Any CPU = Release|Any CPU
	EndGlobalSection
	GlobalSection(ProjectConfigurationPlatforms) = postSolution
		{04563E7A-D26C-43A0-9647-9213C463A80C}.Debug|Any CPU.ActiveCfg = Debug|Any CPU
		{04563E7A-D26C-43A0-9647-9213C463A80C}.Debug|Any CPU.Build.0 = Debug|Any CPU
		{04563E7A-D26C-43A0-9647-9213C463A80C}.Release|Any CPU.ActiveCfg = Release|Any CPU
		{04563E7A-D26C-43A0-9647-9213C463A80C}.Release|Any CPU.Build.0 = Release|Any CPU
	EndGlobalSection
	GlobalSection(SolutionProperties) = preSolution
		HideSolutionNode = FALSE
	EndGlobalSection
	GlobalSection(ExtensibilityGlobals) = postSolution
		SolutionGuid = {639EDED8-806A-4D68-9A12-26D873611467}
	EndGlobalSection
EndGlobal
